lockfileVersion: '9.0'

settings:
  autoInstallPeers: true
  excludeLinksFromLockfile: false

importers:

  .:
    dependencies:
      algoliasearch:
        specifier: ^5.45.0
        version: 5.45.0
      playwright:
        specifier: ^1.56.1
        version: 1.57.0

packages:

  '@algolia/abtesting@1.11.0':
    resolution: {integrity: sha512-a7oQ8dwiyoyVmzLY0FcuBqyqcNSq78qlcOtHmNBumRlHCSnXDcuoYGBGPN1F6n8JoGhviDDsIaF/oQrzTzs6Lg==}
    engines: {node: '>= 14.0.0'}

  '@algolia/client-abtesting@5.45.0':
    resolution: {integrity: sha512-WTW0VZA8xHMbzuQD5b3f41ovKZ0MNTIXkWfm0F2PU+XGcLxmxX15UqODzF2sWab0vSbi3URM1xLhJx+bXbd1eQ==}
    engines: {node: '>= 14.0.0'}

  '@algolia/client-analytics@5.45.0':
    resolution: {integrity: sha512-I3g7VtvG/QJOH3tQO7E7zWTwBfK/nIQXShFLR8RvPgWburZ626JNj332M3wHCYcaAMivN9WJG66S2JNXhm6+Xg==}
    engines: {node: '>= 14.0.0'}

  '@algolia/client-common@5.45.0':
    resolution: {integrity: sha512-/nTqm1tLiPtbUr+8kHKyFiCOfhRfgC+JxLvOCq471gFZZOlsh6VtFRiKI60/zGmHTojFC6B0mD80PB7KeK94og==}
    engines: {node: '>= 14.0.0'}

  '@algolia/client-insights@5.45.0':
    resolution: {integrity: sha512-suQTx/1bRL1g/K2hRtbK3ANmbzaZCi13487sxxmqok+alBDKKw0/TI73ZiHjjFXM2NV52inwwcmW4fUR45206Q==}
    engines: {node: '>= 14.0.0'}

  '@algolia/client-personalization@5.45.0':
    resolution: {integrity: sha512-CId/dbjpzI3eoUhPU6rt/z4GrRsDesqFISEMOwrqWNSrf4FJhiUIzN42Ac+Gzg69uC0RnzRYy60K1y4Na5VSMw==}
    engines: {node: '>= 14.0.0'}

  '@algolia/client-query-suggestions@5.45.0':
    resolution: {integrity: sha512-tjbBKfA8fjAiFtvl9g/MpIPiD6pf3fj7rirVfh1eMIUi8ybHP4ovDzIaE216vHuRXoePQVCkMd2CokKvYq1CLw==}
    engines: {node: '>= 14.0.0'}

  '@algolia/client-search@5.45.0':
    resolution: {integrity: sha512-nxuCid+Nszs4xqwIMDw11pRJPes2c+Th1yup/+LtpjFH8QWXkr3SirNYSD3OXAeM060HgWWPLA8/Fxk+vwxQOA==}
    engines: {node: '>= 14.0.0'}

  '@algolia/ingestion@1.45.0':
    resolution: {integrity: sha512-t+1doBzhkQTeOOjLHMlm4slmXBhvgtEGQhOmNpMPTnIgWOyZyESWdm+XD984qM4Ej1i9FRh8VttOGrdGnAjAng==}
    engines: {node: '>= 14.0.0'}

  '@algolia/monitoring@1.45.0':
    resolution: {integrity: sha512-IaX3ZX1A/0wlgWZue+1BNWlq5xtJgsRo7uUk/aSiYD7lPbJ7dFuZ+yTLFLKgbl4O0QcyHTj1/mSBj9ryF1Lizg==}
    engines: {node: '>= 14.0.0'}

  '@algolia/recommend@5.45.0':
    resolution: {integrity: sha512-1jeMLoOhkgezCCPsOqkScwYzAAc1Jr5T2hisZl0s32D94ZV7d1OHozBukgOjf8Dw+6Hgi6j52jlAdUWTtkX9Mg==}
    engines: {node: '>= 14.0.0'}

  '@algolia/requester-browser-xhr@5.45.0':
    resolution: {integrity: sha512-46FIoUkQ9N7wq4/YkHS5/W9Yjm4Ab+q5kfbahdyMpkBPJ7IBlwuNEGnWUZIQ6JfUZuJVojRujPRHMihX4awUMg==}
    engines: {node: '>= 14.0.0'}

  '@algolia/requester-fetch@5.45.0':
    resolution: {integrity: sha512-XFTSAtCwy4HdBhSReN2rhSyH/nZOM3q3qe5ERG2FLbYId62heIlJBGVyAPRbltRwNlotlydbvSJ+SQ0ruWC2cw==}
    engines: {node: '>= 14.0.0'}

  '@algolia/requester-node-http@5.45.0':
    resolution: {integrity: sha512-8mTg6lHx5i44raCU52APsu0EqMsdm4+7Hch/e4ZsYZw0hzwkuaMFh826ngnkYf9XOl58nHoou63aZ874m8AbpQ==}
    engines: {node: '>= 14.0.0'}

  algoliasearch@5.45.0:
    resolution: {integrity: sha512-wrj4FGr14heLOYkBKV3Fbq5ZBGuIFeDJkTilYq/G+hH1CSlQBtYvG2X1j67flwv0fUeQJwnWxxRIunSemAZirA==}
    engines: {node: '>= 14.0.0'}

  fsevents@2.3.2:
    resolution: {integrity: sha512-xiqMQR4xAeHTuB9uWm+fFRcIOgKBMiOBP+eXiyT7jsgVCq1bkVygt00oASowB7EdtpOHaaPgKt812P9ab+DDKA==}
    engines: {node: ^8.16.0 || ^10.6.0 || >=11.0.0}
    os: [darwin]

  playwright-core@1.57.0:
    resolution: {integrity: sha512-agTcKlMw/mjBWOnD6kFZttAAGHgi/Nw0CZ2o6JqWSbMlI219lAFLZZCyqByTsvVAJq5XA5H8cA6PrvBRpBWEuQ==}
    engines: {node: '>=18'}
    hasBin: true

  playwright@1.57.0:
    resolution: {integrity: sha512-ilYQj1s8sr2ppEJ2YVadYBN0Mb3mdo9J0wQ+UuDhzYqURwSoW4n1Xs5vs7ORwgDGmyEh33tRMeS8KhdkMoLXQw==}
    engines: {node: '>=18'}
    hasBin: true

snapshots:

  '@algolia/abtesting@1.11.0':
    dependencies:
      '@algolia/client-common': 5.45.0
      '@algolia/requester-browser-xhr': 5.45.0
      '@algolia/requester-fetch': 5.45.0
      '@algolia/requester-node-http': 5.45.0

  '@algolia/client-abtesting@5.45.0':
    dependencies:
      '@algolia/client-common': 5.45.0
      '@algolia/requester-browser-xhr': 5.45.0
      '@algolia/requester-fetch': 5.45.0
      '@algolia/requester-node-http': 5.45.0

  '@algolia/client-analytics@5.45.0':
    dependencies:
      '@algolia/client-common': 5.45.0
      '@algolia/requester-browser-xhr': 5.45.0
      '@algolia/requester-fetch': 5.45.0
      '@algolia/requester-node-http': 5.45.0

  '@algolia/client-common@5.45.0': {}

  '@algolia/client-insights@5.45.0':
    dependencies:
      '@algolia/client-common': 5.45.0
      '@algolia/requester-browser-xhr': 5.45.0
      '@algolia/requester-fetch': 5.45.0
      '@algolia/requester-node-http': 5.45.0

  '@algolia/client-personalization@5.45.0':
    dependencies:
      '@algolia/client-common': 5.45.0
      '@algolia/requester-browser-xhr': 5.45.0
      '@algolia/requester-fetch': 5.45.0
      '@algolia/requester-node-http': 5.45.0

  '@algolia/client-query-suggestions@5.45.0':
    dependencies:
      '@algolia/client-common': 5.45.0
      '@algolia/requester-browser-xhr': 5.45.0
      '@algolia/requester-fetch': 5.45.0
      '@algolia/requester-node-http': 5.45.0

  '@algolia/client-search@5.45.0':
    dependencies:
      '@algolia/client-common': 5.45.0
      '@algolia/requester-browser-xhr': 5.45.0
      '@algolia/requester-fetch': 5.45.0
      '@algolia/requester-node-http': 5.45.0

  '@algolia/ingestion@1.45.0':
    dependencies:
      '@algolia/client-common': 5.45.0
      '@algolia/requester-browser-xhr': 5.45.0
      '@algolia/requester-fetch': 5.45.0
      '@algolia/requester-node-http': 5.45.0

  '@algolia/monitoring@1.45.0':
    dependencies:
      '@algolia/client-common': 5.45.0
      '@algolia/requester-browser-xhr': 5.45.0
      '@algolia/requester-fetch': 5.45.0
      '@algolia/requester-node-http': 5.45.0

  '@algolia/recommend@5.45.0':
    dependencies:
      '@algolia/client-common': 5.45.0
      '@algolia/requester-browser-xhr': 5.45.0
      '@algolia/requester-fetch': 5.45.0
      '@algolia/requester-node-http': 5.45.0

  '@algolia/requester-browser-xhr@5.45.0':
    dependencies:
      '@algolia/client-common': 5.45.0

  '@algolia/requester-fetch@5.45.0':
    dependencies:
      '@algolia/client-common': 5.45.0

  '@algolia/requester-node-http@5.45.0':
    dependencies:
      '@algolia/client-common': 5.45.0

  algoliasearch@5.45.0:
    dependencies:
      '@algolia/abtesting': 1.11.0
      '@algolia/client-abtesting': 5.45.0
      '@algolia/client-analytics': 5.45.0
      '@algolia/client-common': 5.45.0
      '@algolia/client-insights': 5.45.0
      '@algolia/client-personalization': 5.45.0
      '@algolia/client-query-suggestions': 5.45.0
      '@algolia/client-search': 5.45.0
      '@algolia/ingestion': 1.45.0
      '@algolia/monitoring': 1.45.0
      '@algolia/recommend': 5.45.0
      '@algolia/requester-browser-xhr': 5.45.0
      '@algolia/requester-fetch': 5.45.0
      '@algolia/requester-node-http': 5.45.0

  fsevents@2.3.2:
    optional: true

  playwright-core@1.57.0: {}

  playwright@1.57.0:
    dependencies:
      playwright-core: 1.57.0
    optionalDependencies:
      fsevents: 2.3.2
